<?xml version="1.0" encoding="utf-8"?>
<Project ToolsVersion="4.0" xmlns="http://schemas.microsoft.com/developer/msbuild/2003">
  <ItemGroup>
    <ClCompile Include="src\main.cpp" />
  </ItemGroup>
  <ItemGroup>
    <ClInclude Include="src\ch\Algorithm_1.h" />
    <ClInclude Include="src\ch\array.h" />
    <ClInclude Include="src\ch\forward_list.h" />
    <ClInclude Include="src\ch\Functor.h" />
    <ClInclude Include="src\ch\HashFunc.h" />
    <ClInclude Include="src\ch\iterator.h" />
    <ClInclude Include="src\ch\map.h" />
    <ClInclude Include="src\ch\PrintTuple.h" />
    <ClInclude Include="src\ch\set.h" />
    <ClInclude Include="src\ch\Shared_ptrDefineDeleter.h" />
    <ClInclude Include="src\ch\STL.h" />
    <ClInclude Include="src\ch\unordered_map.h" />
    <ClInclude Include="src\ch\vector.h" />
    <ClInclude Include="src\ch\Algorithm.h" />
  </ItemGroup>
</Project>